
Microsoft Visual Studio Solution File, Format Version 12.00
# Visual Studio Version 17
VisualStudioVersion = 17.0.31903.59
MinimumVisualStudioVersion = 10.0.40219.1
Project("{2150E333-8FDC-42A3-9474-1A3956D46DE8}") = "src", "src", "{D600E920-8966-4794-9E1F-6CB7CDA297B0}"
EndProject
Project("{FAE04EC0-301F-11D3-BF4B-00C04F79EFBC}") = "TinyPlants", "src\TinyPlants\TinyPlants.csproj", "{94E186EB-2D74-483D-9794-37971C9608A2}"
EndProject
Global
	GlobalSection(SolutionConfigurationPlatforms) = preSolution
		Debug|Any CPU = Debug|Any CPU
		Release|Any CPU = Release|Any CPU
	EndGlobalSection
	GlobalSection(SolutionProperties) = preSolution
		HideSolutionNode = FALSE
	EndGlobalSection
	GlobalSection(ProjectConfigurationPlatforms) = postSolution
		{94E186EB-2D74-483D-9794-37971C9608A2}.Debug|Any CPU.ActiveCfg = Debug|Any CPU
		{94E186EB-2D74-483D-9794-37971C9608A2}.Debug|Any CPU.Build.0 = Debug|Any CPU
		{94E186EB-2D74-483D-9794-37971C9608A2}.Release|Any CPU.ActiveCfg = Release|Any CPU
		{94E186EB-2D74-483D-9794-37971C9608A2}.Release|Any CPU.Build.0 = Release|Any CPU
	EndGlobalSection
	GlobalSection(NestedProjects) = preSolution
		{94E186EB-2D74-483D-9794-37971C9608A2} = {D600E920-8966-4794-9E1F-6CB7CDA297B0}
	EndGlobalSection
EndGlobal
