
Microsoft Visual Studio Solution File, Format Version 12.00
# Visual Studio 15
Project("{FAE04EC0-301F-11D3-BF4B-00C04F79EFBC}") = "dotnet_ECommerce", "dotnet_ECommerce.csproj", "{6510C9F8-5940-42BF-A41E-06E55506B6BD}"
EndProject
Global
	GlobalSection(SolutionConfigurationPlatforms) = preSolution
		Debug|Any CPU = Debug|Any CPU
		Release|Any CPU = Release|Any CPU
	EndGlobalSection
	GlobalSection(ProjectConfigurationPlatforms) = postSolution
		{6510C9F8-5940-42BF-A41E-06E55506B6BD}.Debug|Any CPU.ActiveCfg = Debug|Any CPU
		{6510C9F8-5940-42BF-A41E-06E55506B6BD}.Debug|Any CPU.Build.0 = Debug|Any CPU
		{6510C9F8-5940-42BF-A41E-06E55506B6BD}.Release|Any CPU.ActiveCfg = Release|Any CPU
		{6510C9F8-5940-42BF-A41E-06E55506B6BD}.Release|Any CPU.Build.0 = Release|Any CPU
	EndGlobalSection
EndGlobal
